// !$*UTF8*$!
{
	archiveVersion = 1;
	classes = {
	};
	objectVersion = 50;
	objects = {

/* Begin PBXBuildFile section */
		43E19D692152CF4F00CAA2FC /* AppDelegate.swift in Sources */ = {isa = PBXBuildFile; fileRef = 43E19D682152CF4F00CAA2FC /* AppDelegate.swift */; };
		43E19D6B2152CF4F00CAA2FC /* ViewController.swift in Sources */ = {isa = PBXBuildFile; fileRef = 43E19D6A2152CF4F00CAA2FC /* ViewController.swift */; };
		43E19D6E2152CF4F00CAA2FC /* Main.storyboard in Resources */ = {isa = PBXBuildFile; fileRef = 43E19D6C2152CF4F00CAA2FC /* Main.storyboard */; };
		43E19D712152CF4F00CAA2FC /* V2ex_iOS.xcdatamodeld in Sources */ = {isa = PBXBuildFile; fileRef = 43E19D6F2152CF4F00CAA2FC /* V2ex_iOS.xcdatamodeld */; };
		43E19D732152CF5100CAA2FC /* Assets.xcassets in Resources */ = {isa = PBXBuildFile; fileRef = 43E19D722152CF5100CAA2FC /* Assets.xcassets */; };
		43E19D762152CF5100CAA2FC /* LaunchScreen.storyboard in Resources */ = {isa = PBXBuildFile; fileRef = 43E19D742152CF5100CAA2FC /* LaunchScreen.storyboard */; };
		43E19D812152CF5200CAA2FC /* V2ex_iOSTests.swift in Sources */ = {isa = PBXBuildFile; fileRef = 43E19D802152CF5200CAA2FC /* V2ex_iOSTests.swift */; };
		43E19D8C2152CF5200CAA2FC /* V2ex_iOSUITests.swift in Sources */ = {isa = PBXBuildFile; fileRef = 43E19D8B2152CF5200CAA2FC /* V2ex_iOSUITests.swift */; };
		43E19D9E2152CFE900CAA2FC /* V2exAPIService.swift in Sources */ = {isa = PBXBuildFile; fileRef = 43E19D9D2152CFE900CAA2FC /* V2exAPIService.swift */; };
		43E19DA02152D8C400CAA2FC /* marked.js in Resources */ = {isa = PBXBuildFile; fileRef = 43E19D9F2152D8C400CAA2FC /* marked.js */; };
		43E19DA22152D8E300CAA2FC /* MarkdownService.swift in Sources */ = {isa = PBXBuildFile; fileRef = 43E19DA12152D8E300CAA2FC /* MarkdownService.swift */; };
		43E19DA42152E6CA00CAA2FC /* github-markdown.css in Resources */ = {isa = PBXBuildFile; fileRef = 43E19DA32152E6CA00CAA2FC /* github-markdown.css */; };
		43E19DA62152E70A00CAA2FC /* highlight.js in Resources */ = {isa = PBXBuildFile; fileRef = 43E19DA52152E70A00CAA2FC /* highlight.js */; };
		43E19DA82152E73100CAA2FC /* index.html in Resources */ = {isa = PBXBuildFile; fileRef = 43E19DA72152E73100CAA2FC /* index.html */; };
/* End PBXBuildFile section */

/* Begin PBXContainerItemProxy section */
		43E19D7D2152CF5200CAA2FC /* PBXContainerItemProxy */ = {
			isa = PBXContainerItemProxy;
			containerPortal = 43E19D5D2152CF4F00CAA2FC /* Project object */;
			proxyType = 1;
			remoteGlobalIDString = 43E19D642152CF4F00CAA2FC;
			remoteInfo = V2ex_iOS;
		};
		43E19D882152CF5200CAA2FC /* PBXContainerItemProxy */ = {
			isa = PBXContainerItemProxy;
			containerPortal = 43E19D5D2152CF4F00CAA2FC /* Project object */;
			proxyType = 1;
			remoteGlobalIDString = 43E19D642152CF4F00CAA2FC;
			remoteInfo = V2ex_iOS;
		};
/* End PBXContainerItemProxy section */

/* Begin PBXFileReference section */
		43E19D652152CF4F00CAA2FC /* V2ex_iOS.app */ = {isa = PBXFileReference; explicitFileType = wrapper.application; includeInIndex = 0; path = V2ex_iOS.app; sourceTree = BUILT_PRODUCTS_DIR; };
		43E19D682152CF4F00CAA2FC /* AppDelegate.swift */ = {isa = PBXFileReference; lastKnownFileType = sourcecode.swift; path = AppDelegate.swift; sourceTree = "<group>"; };
		43E19D6A2152CF4F00CAA2FC /* ViewController.swift */ = {isa = PBXFileReference; lastKnownFileType = sourcecode.swift; path = ViewController.swift; sourceTree = "<group>"; };
		43E19D6D2152CF4F00CAA2FC /* Base */ = {isa = PBXFileReference; lastKnownFileType = file.storyboard; name = Base; path = Base.lproj/Main.storyboard; sourceTree = "<group>"; };
		43E19D702152CF4F00CAA2FC /* V2ex_iOS.xcdatamodel */ = {isa = PBXFileReference; lastKnownFileType = wrapper.xcdatamodel; path = V2ex_iOS.xcdatamodel; sourceTree = "<group>"; };
		43E19D722152CF5100CAA2FC /* Assets.xcassets */ = {isa = PBXFileReference; lastKnownFileType = folder.assetcatalog; path = Assets.xcassets; sourceTree = "<group>"; };
		43E19D752152CF5100CAA2FC /* Base */ = {isa = PBXFileReference; lastKnownFileType = file.storyboard; name = Base; path = Base.lproj/LaunchScreen.storyboard; sourceTree = "<group>"; };
		43E19D772152CF5100CAA2FC /* Info.plist */ = {isa = PBXFileReference; lastKnownFileType = text.plist.xml; path = Info.plist; sourceTree = "<group>"; };
		43E19D7C2152CF5200CAA2FC /* V2ex_iOSTests.xctest */ = {isa = PBXFileReference; explicitFileType = wrapper.cfbundle; includeInIndex = 0; path = V2ex_iOSTests.xctest; sourceTree = BUILT_PRODUCTS_DIR; };
		43E19D802152CF5200CAA2FC /* V2ex_iOSTests.swift */ = {isa = PBXFileReference; lastKnownFileType = sourcecode.swift; path = V2ex_iOSTests.swift; sourceTree = "<group>"; };
		43E19D822152CF5200CAA2FC /* Info.plist */ = {isa = PBXFileReference; lastKnownFileType = text.plist.xml; path = Info.plist; sourceTree = "<group>"; };
		43E19D872152CF5200CAA2FC /* V2ex_iOSUITests.xctest */ = {isa = PBXFileReference; explicitFileType = wrapper.cfbundle; includeInIndex = 0; path = V2ex_iOSUITests.xctest; sourceTree = BUILT_PRODUCTS_DIR; };
		43E19D8B2152CF5200CAA2FC /* V2ex_iOSUITests.swift */ = {isa = PBXFileReference; lastKnownFileType = sourcecode.swift; path = V2ex_iOSUITests.swift; sourceTree = "<group>"; };
		43E19D8D2152CF5200CAA2FC /* Info.plist */ = {isa = PBXFileReference; lastKnownFileType = text.plist.xml; path = Info.plist; sourceTree = "<group>"; };
		43E19D9D2152CFE900CAA2FC /* V2exAPIService.swift */ = {isa = PBXFileReference; lastKnownFileType = sourcecode.swift; path = V2exAPIService.swift; sourceTree = "<group>"; };
		43E19D9F2152D8C400CAA2FC /* marked.js */ = {isa = PBXFileReference; fileEncoding = 4; lastKnownFileType = sourcecode.javascript; path = marked.js; sourceTree = "<group>"; };
		43E19DA12152D8E300CAA2FC /* MarkdownService.swift */ = {isa = PBXFileReference; lastKnownFileType = sourcecode.swift; path = MarkdownService.swift; sourceTree = "<group>"; };
		43E19DA32152E6CA00CAA2FC /* github-markdown.css */ = {isa = PBXFileReference; fileEncoding = 4; lastKnownFileType = text.css; path = "github-markdown.css"; sourceTree = "<group>"; };
		43E19DA52152E70A00CAA2FC /* highlight.js */ = {isa = PBXFileReference; fileEncoding = 4; lastKnownFileType = sourcecode.javascript; path = highlight.js; sourceTree = "<group>"; };
		43E19DA72152E73100CAA2FC /* index.html */ = {isa = PBXFileReference; lastKnownFileType = text.html; path = index.html; sourceTree = "<group>"; };
/* End PBXFileReference section */

/* Begin PBXFrameworksBuildPhase section */
		43E19D622152CF4F00CAA2FC /* Frameworks */ = {
			isa = PBXFrameworksBuildPhase;
			buildActionMask = 2147483647;
			files = (
			);
			runOnlyForDeploymentPostprocessing = 0;
		};
		43E19D792152CF5200CAA2FC /* Frameworks */ = {
			isa = PBXFrameworksBuildPhase;
			buildActionMask = 2147483647;
			files = (
			);
			runOnlyForDeploymentPostprocessing = 0;
		};
		43E19D842152CF5200CAA2FC /* Frameworks */ = {
			isa = PBXFrameworksBuildPhase;
			buildActionMask = 2147483647;
			files = (
			);
			runOnlyForDeploymentPostprocessing = 0;
		};
/* End PBXFrameworksBuildPhase section */

/* Begin PBXGroup section */
		43E19D5C2152CF4F00CAA2FC = {
			isa = PBXGroup;
			children = (
				43E19D672152CF4F00CAA2FC /* V2ex_iOS */,
				43E19D7F2152CF5200CAA2FC /* V2ex_iOSTests */,
				43E19D8A2152CF5200CAA2FC /* V2ex_iOSUITests */,
				43E19D662152CF4F00CAA2FC /* Products */,
			);
			sourceTree = "<group>";
		};
		43E19D662152CF4F00CAA2FC /* Products */ = {
			isa = PBXGroup;
			children = (
				43E19D652152CF4F00CAA2FC /* V2ex_iOS.app */,
				43E19D7C2152CF5200CAA2FC /* V2ex_iOSTests.xctest */,
				43E19D872152CF5200CAA2FC /* V2ex_iOSUITests.xctest */,
			);
			name = Products;
			sourceTree = "<group>";
		};
		43E19D672152CF4F00CAA2FC /* V2ex_iOS */ = {
			isa = PBXGroup;
			children = (
				43E19D992152CF6500CAA2FC /* Sources */,
				43E19D9C2152CFA300CAA2FC /* Resources */,
				43E19D772152CF5100CAA2FC /* Info.plist */,
			);
			path = V2ex_iOS;
			sourceTree = "<group>";
		};
		43E19D7F2152CF5200CAA2FC /* V2ex_iOSTests */ = {
			isa = PBXGroup;
			children = (
				43E19D802152CF5200CAA2FC /* V2ex_iOSTests.swift */,
				43E19D822152CF5200CAA2FC /* Info.plist */,
			);
			path = V2ex_iOSTests;
			sourceTree = "<group>";
		};
		43E19D8A2152CF5200CAA2FC /* V2ex_iOSUITests */ = {
			isa = PBXGroup;
			children = (
				43E19D8B2152CF5200CAA2FC /* V2ex_iOSUITests.swift */,
				43E19D8D2152CF5200CAA2FC /* Info.plist */,
			);
			path = V2ex_iOSUITests;
			sourceTree = "<group>";
		};
		43E19D992152CF6500CAA2FC /* Sources */ = {
			isa = PBXGroup;
			children = (
				43E19D9B2152CF8300CAA2FC /* Services */,
				43E19D9A2152CF7B00CAA2FC /* Controllers */,
			);
			path = Sources;
			sourceTree = "<group>";
		};
		43E19D9A2152CF7B00CAA2FC /* Controllers */ = {
			isa = PBXGroup;
			children = (
				43E19D6A2152CF4F00CAA2FC /* ViewController.swift */,
				43E19D682152CF4F00CAA2FC /* AppDelegate.swift */,
			);
			path = Controllers;
			sourceTree = "<group>";
		};
		43E19D9B2152CF8300CAA2FC /* Services */ = {
			isa = PBXGroup;
			children = (
				43E19D9D2152CFE900CAA2FC /* V2exAPIService.swift */,
				43E19DA12152D8E300CAA2FC /* MarkdownService.swift */,
			);
			path = Services;
			sourceTree = "<group>";
		};
		43E19D9C2152CFA300CAA2FC /* Resources */ = {
			isa = PBXGroup;
			children = (
				43E19DA52152E70A00CAA2FC /* highlight.js */,
				43E19DA32152E6CA00CAA2FC /* github-markdown.css */,
				43E19D9F2152D8C400CAA2FC /* marked.js */,
				43E19D6C2152CF4F00CAA2FC /* Main.storyboard */,
				43E19D722152CF5100CAA2FC /* Assets.xcassets */,
				43E19D742152CF5100CAA2FC /* LaunchScreen.storyboard */,
				43E19D6F2152CF4F00CAA2FC /* V2ex_iOS.xcdatamodeld */,
				43E19DA72152E73100CAA2FC /* index.html */,
			);
			path = Resources;
			sourceTree = "<group>";
		};
/* End PBXGroup section */

/* Begin PBXNativeTarget section */
		43E19D642152CF4F00CAA2FC /* V2ex_iOS */ = {
			isa = PBXNativeTarget;
			buildConfigurationList = 43E19D902152CF5200CAA2FC /* Build configuration list for PBXNativeTarget "V2ex_iOS" */;
			buildPhases = (
				43E19D612152CF4F00CAA2FC /* Sources */,
				43E19D622152CF4F00CAA2FC /* Frameworks */,
				43E19D632152CF4F00CAA2FC /* Resources */,
			);
			buildRules = (
			);
			dependencies = (
			);
			name = V2ex_iOS;
			productName = V2ex_iOS;
			productReference = 43E19D652152CF4F00CAA2FC /* V2ex_iOS.app */;
			productType = "com.apple.product-type.application";
		};
		43E19D7B2152CF5200CAA2FC /* V2ex_iOSTests */ = {
			isa = PBXNativeTarget;
			buildConfigurationList = 43E19D932152CF5200CAA2FC /* Build configuration list for PBXNativeTarget "V2ex_iOSTests" */;
			buildPhases = (
				43E19D782152CF5200CAA2FC /* Sources */,
				43E19D792152CF5200CAA2FC /* Frameworks */,
				43E19D7A2152CF5200CAA2FC /* Resources */,
			);
			buildRules = (
			);
			dependencies = (
				43E19D7E2152CF5200CAA2FC /* PBXTargetDependency */,
			);
			name = V2ex_iOSTests;
			productName = V2ex_iOSTests;
			productReference = 43E19D7C2152CF5200CAA2FC /* V2ex_iOSTests.xctest */;
			productType = "com.apple.product-type.bundle.unit-test";
		};
		43E19D862152CF5200CAA2FC /* V2ex_iOSUITests */ = {
			isa = PBXNativeTarget;
			buildConfigurationList = 43E19D962152CF5200CAA2FC /* Build configuration list for PBXNativeTarget "V2ex_iOSUITests" */;
			buildPhases = (
				43E19D832152CF5200CAA2FC /* Sources */,
				43E19D842152CF5200CAA2FC /* Frameworks */,
				43E19D852152CF5200CAA2FC /* Resources */,
			);
			buildRules = (
			);
			dependencies = (
				43E19D892152CF5200CAA2FC /* PBXTargetDependency */,
			);
			name = V2ex_iOSUITests;
			productName = V2ex_iOSUITests;
			productReference = 43E19D872152CF5200CAA2FC /* V2ex_iOSUITests.xctest */;
			productType = "com.apple.product-type.bundle.ui-testing";
		};
/* End PBXNativeTarget section */

/* Begin PBXProject section */
		43E19D5D2152CF4F00CAA2FC /* Project object */ = {
			isa = PBXProject;
			attributes = {
				LastSwiftUpdateCheck = 1000;
				LastUpgradeCheck = 1000;
				ORGANIZATIONNAME = zippo;
				TargetAttributes = {
					43E19D642152CF4F00CAA2FC = {
						CreatedOnToolsVersion = 10.0;
					};
					43E19D7B2152CF5200CAA2FC = {
						CreatedOnToolsVersion = 10.0;
						TestTargetID = 43E19D642152CF4F00CAA2FC;
					};
					43E19D862152CF5200CAA2FC = {
						CreatedOnToolsVersion = 10.0;
						TestTargetID = 43E19D642152CF4F00CAA2FC;
					};
				};
			};
			buildConfigurationList = 43E19D602152CF4F00CAA2FC /* Build configuration list for PBXProject "V2ex_iOS" */;
			compatibilityVersion = "Xcode 9.3";
			developmentRegion = en;
			hasScannedForEncodings = 0;
			knownRegions = (
				en,
				Base,
			);
			mainGroup = 43E19D5C2152CF4F00CAA2FC;
			productRefGroup = 43E19D662152CF4F00CAA2FC /* Products */;
			projectDirPath = "";
			projectRoot = "";
			targets = (
				43E19D642152CF4F00CAA2FC /* V2ex_iOS */,
				43E19D7B2152CF5200CAA2FC /* V2ex_iOSTests */,
				43E19D862152CF5200CAA2FC /* V2ex_iOSUITests */,
			);
		};
/* End PBXProject section */

/* Begin PBXResourcesBuildPhase section */
		43E19D632152CF4F00CAA2FC /* Resources */ = {
			isa = PBXResourcesBuildPhase;
			buildActionMask = 2147483647;
			files = (
				43E19DA82152E73100CAA2FC /* index.html in Resources */,
				43E19DA42152E6CA00CAA2FC /* github-markdown.css in Resources */,
				43E19DA02152D8C400CAA2FC /* marked.js in Resources */,
				43E19D762152CF5100CAA2FC /* LaunchScreen.storyboard in Resources */,
				43E19DA62152E70A00CAA2FC /* highlight.js in Resources */,
				43E19D732152CF5100CAA2FC /* Assets.xcassets in Resources */,
				43E19D6E2152CF4F00CAA2FC /* Main.storyboard in Resources */,
			);
			runOnlyForDeploymentPostprocessing = 0;
		};
		43E19D7A2152CF5200CAA2FC /* Resources */ = {
			isa = PBXResourcesBuildPhase;
			buildActionMask = 2147483647;
			files = (
			);
			runOnlyForDeploymentPostprocessing = 0;
		};
		43E19D852152CF5200CAA2FC /* Resources */ = {
			isa = PBXResourcesBuildPhase;
			buildActionMask = 2147483647;
			files = (
			);
			runOnlyForDeploymentPostprocessing = 0;
		};
/* End PBXResourcesBuildPhase section */

/* Begin PBXSourcesBuildPhase section */
		43E19D612152CF4F00CAA2FC /* Sources */ = {
			isa = PBXSourcesBuildPhase;
			buildActionMask = 2147483647;
			files = (
				43E19DA22152D8E300CAA2FC /* MarkdownService.swift in Sources */,
				43E19D6B2152CF4F00CAA2FC /* ViewController.swift in Sources */,
				43E19D692152CF4F00CAA2FC /* AppDelegate.swift in Sources */,
				43E19D712152CF4F00CAA2FC /* V2ex_iOS.xcdatamodeld in Sources */,
				43E19D9E2152CFE900CAA2FC /* V2exAPIService.swift in Sources */,
			);
			runOnlyForDeploymentPostprocessing = 0;
		};
		43E19D782152CF5200CAA2FC /* Sources */ = {
			isa = PBXSourcesBuildPhase;
			buildActionMask = 2147483647;
			files = (
				43E19D812152CF5200CAA2FC /* V2ex_iOSTests.swift in Sources */,
			);
			runOnlyForDeploymentPostprocessing = 0;
		};
		43E19D832152CF5200CAA2FC /* Sources */ = {
			isa = PBXSourcesBuildPhase;
			buildActionMask = 2147483647;
			files = (
				43E19D8C2152CF5200CAA2FC /* V2ex_iOSUITests.swift in Sources */,
			);
			runOnlyForDeploymentPostprocessing = 0;
		};
/* End PBXSourcesBuildPhase section */

/* Begin PBXTargetDependency section */
		43E19D7E2152CF5200CAA2FC /* PBXTargetDependency */ = {
			isa = PBXTargetDependency;
			target = 43E19D642152CF4F00CAA2FC /* V2ex_iOS */;
			targetProxy = 43E19D7D2152CF5200CAA2FC /* PBXContainerItemProxy */;
		};
		43E19D892152CF5200CAA2FC /* PBXTargetDependency */ = {
			isa = PBXTargetDependency;
			target = 43E19D642152CF4F00CAA2FC /* V2ex_iOS */;
			targetProxy = 43E19D882152CF5200CAA2FC /* PBXContainerItemProxy */;
		};
/* End PBXTargetDependency section */

/* Begin PBXVariantGroup section */
		43E19D6C2152CF4F00CAA2FC /* Main.storyboard */ = {
			isa = PBXVariantGroup;
			children = (
				43E19D6D2152CF4F00CAA2FC /* Base */,
			);
			name = Main.storyboard;
			sourceTree = "<group>";
		};
		43E19D742152CF5100CAA2FC /* LaunchScreen.storyboard */ = {
			isa = PBXVariantGroup;
			children = (
				43E19D752152CF5100CAA2FC /* Base */,
			);
			name = LaunchScreen.storyboard;
			sourceTree = "<group>";
		};
/* End PBXVariantGroup section */

/* Begin XCBuildConfiguration section */
		43E19D8E2152CF5200CAA2FC /* Debug */ = {
			isa = XCBuildConfiguration;
			buildSettings = {
				ALWAYS_SEARCH_USER_PATHS = NO;
				CLANG_ANALYZER_NONNULL = YES;
				CLANG_ANALYZER_NUMBER_OBJECT_CONVERSION = YES_AGGRESSIVE;
				CLANG_CXX_LANGUAGE_STANDARD = "gnu++14";
				CLANG_CXX_LIBRARY = "libc++";
				CLANG_ENABLE_MODULES = YES;
				CLANG_ENABLE_OBJC_ARC = YES;
				CLANG_ENABLE_OBJC_WEAK = YES;
				CLANG_WARN_BLOCK_CAPTURE_AUTORELEASING = YES;
				CLANG_WARN_BOOL_CONVERSION = YES;
				CLANG_WARN_COMMA = YES;
				CLANG_WARN_CONSTANT_CONVERSION = YES;
				CLANG_WARN_DEPRECATED_OBJC_IMPLEMENTATIONS = YES;
				CLANG_WARN_DIRECT_OBJC_ISA_USAGE = YES_ERROR;
				CLANG_WARN_DOCUMENTATION_COMMENTS = YES;
				CLANG_WARN_EMPTY_BODY = YES;
				CLANG_WARN_ENUM_CONVERSION = YES;
				CLANG_WARN_INFINITE_RECURSION = YES;
				CLANG_WARN_INT_CONVERSION = YES;
				CLANG_WARN_NON_LITERAL_NULL_CONVERSION = YES;
				CLANG_WARN_OBJC_IMPLICIT_RETAIN_SELF = YES;
				CLANG_WARN_OBJC_LITERAL_CONVERSION = YES;
				CLANG_WARN_OBJC_ROOT_CLASS = YES_ERROR;
				CLANG_WARN_RANGE_LOOP_ANALYSIS = YES;
				CLANG_WARN_STRICT_PROTOTYPES = YES;
				CLANG_WARN_SUSPICIOUS_MOVE = YES;
				CLANG_WARN_UNGUARDED_AVAILABILITY = YES_AGGRESSIVE;
				CLANG_WARN_UNREACHABLE_CODE = YES;
				CLANG_WARN__DUPLICATE_METHOD_MATCH = YES;
				CODE_SIGN_IDENTITY = "iPhone Developer";
				COPY_PHASE_STRIP = NO;
				DEBUG_INFORMATION_FORMAT = dwarf;
				ENABLE_STRICT_OBJC_MSGSEND = YES;
				ENABLE_TESTABILITY = YES;
				GCC_C_LANGUAGE_STANDARD = gnu11;
				GCC_DYNAMIC_NO_PIC = NO;
				GCC_NO_COMMON_BLOCKS = YES;
				GCC_OPTIMIZATION_LEVEL = 0;
				GCC_PREPROCESSOR_DEFINITIONS = (
					"DEBUG=1",
					"$(inherited)",
				);
				GCC_WARN_64_TO_32_BIT_CONVERSION = YES;
				GCC_WARN_ABOUT_RETURN_TYPE = YES_ERROR;
				GCC_WARN_UNDECLARED_SELECTOR = YES;
				GCC_WARN_UNINITIALIZED_AUTOS = YES_AGGRESSIVE;
				GCC_WARN_UNUSED_FUNCTION = YES;
				GCC_WARN_UNUSED_VARIABLE = YES;
				IPHONEOS_DEPLOYMENT_TARGET = 12.0;
				MTL_ENABLE_DEBUG_INFO = INCLUDE_SOURCE;
				MTL_FAST_MATH = YES;
				ONLY_ACTIVE_ARCH = YES;
				SDKROOT = iphoneos;
				SWIFT_ACTIVE_COMPILATION_CONDITIONS = DEBUG;
				SWIFT_OPTIMIZATION_LEVEL = "-Onone";
			};
			name = Debug;
		};
		43E19D8F2152CF5200CAA2FC /* Release */ = {
			isa = XCBuildConfiguration;
			buildSettings = {
				ALWAYS_SEARCH_USER_PATHS = NO;
				CLANG_ANALYZER_NONNULL = YES;
				CLANG_ANALYZER_NUMBER_OBJECT_CONVERSION = YES_AGGRESSIVE;
				CLANG_CXX_LANGUAGE_STANDARD = "gnu++14";
				CLANG_CXX_LIBRARY = "libc++";
				CLANG_ENABLE_MODULES = YES;
				CLANG_ENABLE_OBJC_ARC = YES;
				CLANG_ENABLE_OBJC_WEAK = YES;
				CLANG_WARN_BLOCK_CAPTURE_AUTORELEASING = YES;
				CLANG_WARN_BOOL_CONVERSION = YES;
				CLANG_WARN_COMMA = YES;
				CLANG_WARN_CONSTANT_CONVERSION = YES;
				CLANG_WARN_DEPRECATED_OBJC_IMPLEMENTATIONS = YES;
				CLANG_WARN_DIRECT_OBJC_ISA_USAGE = YES_ERROR;
				CLANG_WARN_DOCUMENTATION_COMMENTS = YES;
				CLANG_WARN_EMPTY_BODY = YES;
				CLANG_WARN_ENUM_CONVERSION = YES;
				CLANG_WARN_INFINITE_RECURSION = YES;
				CLANG_WARN_INT_CONVERSION = YES;
				CLANG_WARN_NON_LITERAL_NULL_CONVERSION = YES;
				CLANG_WARN_OBJC_IMPLICIT_RETAIN_SELF = YES;
				CLANG_WARN_OBJC_LITERAL_CONVERSION = YES;
				CLANG_WARN_OBJC_ROOT_CLASS = YES_ERROR;
				CLANG_WARN_RANGE_LOOP_ANALYSIS = YES;
				CLANG_WARN_STRICT_PROTOTYPES = YES;
				CLANG_WARN_SUSPICIOUS_MOVE = YES;
				CLANG_WARN_UNGUARDED_AVAILABILITY = YES_AGGRESSIVE;
				CLANG_WARN_UNREACHABLE_CODE = YES;
				CLANG_WARN__DUPLICATE_METHOD_MATCH = YES;
				CODE_SIGN_IDENTITY = "iPhone Developer";
				COPY_PHASE_STRIP = NO;
				DEBUG_INFORMATION_FORMAT = "dwarf-with-dsym";
				ENABLE_NS_ASSERTIONS = NO;
				ENABLE_STRICT_OBJC_MSGSEND = YES;
				GCC_C_LANGUAGE_STANDARD = gnu11;
				GCC_NO_COMMON_BLOCKS = YES;
				GCC_WARN_64_TO_32_BIT_CONVERSION = YES;
				GCC_WARN_ABOUT_RETURN_TYPE = YES_ERROR;
				GCC_WARN_UNDECLARED_SELECTOR = YES;
				GCC_WARN_UNINITIALIZED_AUTOS = YES_AGGRESSIVE;
				GCC_WARN_UNUSED_FUNCTION = YES;
				GCC_WARN_UNUSED_VARIABLE = YES;
				IPHONEOS_DEPLOYMENT_TARGET = 12.0;
				MTL_ENABLE_DEBUG_INFO = NO;
				MTL_FAST_MATH = YES;
				SDKROOT = iphoneos;
				SWIFT_COMPILATION_MODE = wholemodule;
				SWIFT_OPTIMIZATION_LEVEL = "-O";
				VALIDATE_PRODUCT = YES;
			};
			name = Release;
		};
		43E19D912152CF5200CAA2FC /* Debug */ = {
			isa = XCBuildConfiguration;
			buildSettings = {
				ASSETCATALOG_COMPILER_APPICON_NAME = AppIcon;
				CODE_SIGN_STYLE = Automatic;
				DEVELOPMENT_TEAM = 9R46ZZB7A4;
				INFOPLIST_FILE = V2ex_iOS/Info.plist;
				LD_RUNPATH_SEARCH_PATHS = (
					"$(inherited)",
					"@executable_path/Frameworks",
				);
				PRODUCT_BUNDLE_IDENTIFIER = "zippo.V2ex-iOS";
				PRODUCT_NAME = "$(TARGET_NAME)";
				SWIFT_VERSION = 4.2;
				TARGETED_DEVICE_FAMILY = "1,2";
			};
			name = Debug;
		};
		43E19D922152CF5200CAA2FC /* Release */ = {
			isa = XCBuildConfiguration;
			buildSettings = {
				ASSETCATALOG_COMPILER_APPICON_NAME = AppIcon;
				CODE_SIGN_STYLE = Automatic;
				DEVELOPMENT_TEAM = 9R46ZZB7A4;
				INFOPLIST_FILE = V2ex_iOS/Info.plist;
				LD_RUNPATH_SEARCH_PATHS = (
					"$(inherited)",
					"@executable_path/Frameworks",
				);
				PRODUCT_BUNDLE_IDENTIFIER = "zippo.V2ex-iOS";
				PRODUCT_NAME = "$(TARGET_NAME)";
				SWIFT_VERSION = 4.2;
				TARGETED_DEVICE_FAMILY = "1,2";
			};
			name = Release;
		};
		43E19D942152CF5200CAA2FC /* Debug */ = {
			isa = XCBuildConfiguration;
			buildSettings = {
				ALWAYS_EMBED_SWIFT_STANDARD_LIBRARIES = YES;
				BUNDLE_LOADER = "$(TEST_HOST)";
				CODE_SIGN_STYLE = Automatic;
				DEVELOPMENT_TEAM = 9R46ZZB7A4;
				INFOPLIST_FILE = V2ex_iOSTests/Info.plist;
				LD_RUNPATH_SEARCH_PATHS = (
					"$(inherited)",
					"@executable_path/Frameworks",
					"@loader_path/Frameworks",
				);
				PRODUCT_BUNDLE_IDENTIFIER = "zippo.V2ex-iOSTests";
				PRODUCT_NAME = "$(TARGET_NAME)";
				SWIFT_VERSION = 4.2;
				TARGETED_DEVICE_FAMILY = "1,2";
				TEST_HOST = "$(BUILT_PRODUCTS_DIR)/V2ex_iOS.app/V2ex_iOS";
			};
			name = Debug;
		};
		43E19D952152CF5200CAA2FC /* Release */ = {
			isa = XCBuildConfiguration;
			buildSettings = {
				ALWAYS_EMBED_SWIFT_STANDARD_LIBRARIES = YES;
				BUNDLE_LOADER = "$(TEST_HOST)";
				CODE_SIGN_STYLE = Automatic;
				DEVELOPMENT_TEAM = 9R46ZZB7A4;
				INFOPLIST_FILE = V2ex_iOSTests/Info.plist;
				LD_RUNPATH_SEARCH_PATHS = (
					"$(inherited)",
					"@executable_path/Frameworks",
					"@loader_path/Frameworks",
				);
				PRODUCT_BUNDLE_IDENTIFIER = "zippo.V2ex-iOSTests";
				PRODUCT_NAME = "$(TARGET_NAME)";
				SWIFT_VERSION = 4.2;
				TARGETED_DEVICE_FAMILY = "1,2";
				TEST_HOST = "$(BUILT_PRODUCTS_DIR)/V2ex_iOS.app/V2ex_iOS";
			};
			name = Release;
		};
		43E19D972152CF5200CAA2FC /* Debug */ = {
			isa = XCBuildConfiguration;
			buildSettings = {
				ALWAYS_EMBED_SWIFT_STANDARD_LIBRARIES = YES;
				CODE_SIGN_STYLE = Automatic;
				DEVELOPMENT_TEAM = 9R46ZZB7A4;
				INFOPLIST_FILE = V2ex_iOSUITests/Info.plist;
				LD_RUNPATH_SEARCH_PATHS = (
					"$(inherited)",
					"@executable_path/Frameworks",
					"@loader_path/Frameworks",
				);
				PRODUCT_BUNDLE_IDENTIFIER = "zippo.V2ex-iOSUITests";
				PRODUCT_NAME = "$(TARGET_NAME)";
				SWIFT_VERSION = 4.2;
				TARGETED_DEVICE_FAMILY = "1,2";
				TEST_TARGET_NAME = V2ex_iOS;
			};
			name = Debug;
		};
		43E19D982152CF5200CAA2FC /* Release */ = {
			isa = XCBuildConfiguration;
			buildSettings = {
				ALWAYS_EMBED_SWIFT_STANDARD_LIBRARIES = YES;
				CODE_SIGN_STYLE = Automatic;
				DEVELOPMENT_TEAM = 9R46ZZB7A4;
				INFOPLIST_FILE = V2ex_iOSUITests/Info.plist;
				LD_RUNPATH_SEARCH_PATHS = (
					"$(inherited)",
					"@executable_path/Frameworks",
					"@loader_path/Frameworks",
				);
				PRODUCT_BUNDLE_IDENTIFIER = "zippo.V2ex-iOSUITests";
				PRODUCT_NAME = "$(TARGET_NAME)";
				SWIFT_VERSION = 4.2;
				TARGETED_DEVICE_FAMILY = "1,2";
				TEST_TARGET_NAME = V2ex_iOS;
			};
			name = Release;
		};
/* End XCBuildConfiguration section */

/* Begin XCConfigurationList section */
		43E19D602152CF4F00CAA2FC /* Build configuration list for PBXProject "V2ex_iOS" */ = {
			isa = XCConfigurationList;
			buildConfigurations = (
				43E19D8E2152CF5200CAA2FC /* Debug */,
				43E19D8F2152CF5200CAA2FC /* Release */,
			);
			defaultConfigurationIsVisible = 0;
			defaultConfigurationName = Release;
		};
		43E19D902152CF5200CAA2FC /* Build configuration list for PBXNativeTarget "V2ex_iOS" */ = {
			isa = XCConfigurationList;
			buildConfigurations = (
				43E19D912152CF5200CAA2FC /* Debug */,
				43E19D922152CF5200CAA2FC /* Release */,
			);
			defaultConfigurationIsVisible = 0;
			defaultConfigurationName = Release;
		};
		43E19D932152CF5200CAA2FC /* Build configuration list for PBXNativeTarget "V2ex_iOSTests" */ = {
			isa = XCConfigurationList;
			buildConfigurations = (
				43E19D942152CF5200CAA2FC /* Debug */,
				43E19D952152CF5200CAA2FC /* Release */,
			);
			defaultConfigurationIsVisible = 0;
			defaultConfigurationName = Release;
		};
		43E19D962152CF5200CAA2FC /* Build configuration list for PBXNativeTarget "V2ex_iOSUITests" */ = {
			isa = XCConfigurationList;
			buildConfigurations = (
				43E19D972152CF5200CAA2FC /* Debug */,
				43E19D982152CF5200CAA2FC /* Release */,
			);
			defaultConfigurationIsVisible = 0;
			defaultConfigurationName = Release;
		};
/* End XCConfigurationList section */

/* Begin XCVersionGroup section */
		43E19D6F2152CF4F00CAA2FC /* V2ex_iOS.xcdatamodeld */ = {
			isa = XCVersionGroup;
			children = (
				43E19D702152CF4F00CAA2FC /* V2ex_iOS.xcdatamodel */,
			);
			currentVersion = 43E19D702152CF4F00CAA2FC /* V2ex_iOS.xcdatamodel */;
			path = V2ex_iOS.xcdatamodeld;
			sourceTree = "<group>";
			versionGroupType = wrapper.xcdatamodel;
		};
/* End XCVersionGroup section */
	};
	rootObject = 43E19D5D2152CF4F00CAA2FC /* Project object */;
}
